
Microsoft Visual Studio Solution File, Format Version 12.00
# Visual Studio 15
VisualStudioVersion = 15.0.28307.106
MinimumVisualStudioVersion = 10.0.40219.1
Project("{FAE04EC0-301F-11D3-BF4B-00C04F79EFBC}") = "rockpaperscissor", "rockpaperscissor\rockpaperscissor.csproj", "{26089BA3-8E86-4F9F-B58D-2DC1BA5F0FB5}"
EndProject
Global
	GlobalSection(SolutionConfigurationPlatforms) = preSolution
		Debug|Any CPU = Debug|Any CPU
		Release|Any CPU = Release|Any CPU
	EndGlobalSection
	GlobalSection(ProjectConfigurationPlatforms) = postSolution
		{26089BA3-8E86-4F9F-B58D-2DC1BA5F0FB5}.Debug|Any CPU.ActiveCfg = Debug|Any CPU
		{26089BA3-8E86-4F9F-B58D-2DC1BA5F0FB5}.Debug|Any CPU.Build.0 = Debug|Any CPU
		{26089BA3-8E86-4F9F-B58D-2DC1BA5F0FB5}.Release|Any CPU.ActiveCfg = Release|Any CPU
		{26089BA3-8E86-4F9F-B58D-2DC1BA5F0FB5}.Release|Any CPU.Build.0 = Release|Any CPU
	EndGlobalSection
	GlobalSection(SolutionProperties) = preSolution
		HideSolutionNode = FALSE
	EndGlobalSection
	GlobalSection(ExtensibilityGlobals) = postSolution
		SolutionGuid = {9AC1172E-E1FC-4299-9228-79C77FC02138}
	EndGlobalSection
EndGlobal
